
Microsoft Visual Studio Solution File, Format Version 12.00
# Visual Studio Version 17
VisualStudioVersion = 17.5.2.0
MinimumVisualStudioVersion = 10.0.40219.1
Project("{FAE04EC0-301F-11D3-BF4B-00C04F79EFBC}") = "LoxInterpreter", "LoxInterpreter\LoxInterpreter.csproj", "{4CC8522B-6B32-C0DF-FB4A-F142F30840C0}"
EndProject
Project("{FAE04EC0-301F-11D3-BF4B-00C04F79EFBC}") = "LoxInterpreter.Tests", "LoxInterpreter.Tests\LoxInterpreter.Tests.csproj", "{572C1D41-734D-470C-8FA2-7B9B1770FE64}"
EndProject
Project("{FAE04EC0-301F-11D3-BF4B-00C04F79EFBC}") = "GenerateAst", "GenerateAst\GenerateAst.csproj", "{F9A92CF0-4746-429A-B7A1-329DC3E4E9B6}"
EndProject
Project("{2150E333-8FDC-42A3-9474-1A3956D46DE8}") = "Solution Items", "Solution Items", "{1C20C454-865C-40E7-8C7B-EA756E7025A9}"
	ProjectSection(SolutionItems) = preProject
		Ast.bat = Ast.bat
		.vscode\launch.json = .vscode\launch.json
		Lox.bat = Lox.bat
		README.md = README.md
		.vscode\tasks.json = .vscode\tasks.json
		sample.lox = sample.lox
		counter.lox = counter.lox
	EndProjectSection
EndProject
Global
	GlobalSection(SolutionConfigurationPlatforms) = preSolution
		Debug|Any CPU = Debug|Any CPU
		Release|Any CPU = Release|Any CPU
	EndGlobalSection
	GlobalSection(ProjectConfigurationPlatforms) = postSolution
		{4CC8522B-6B32-C0DF-FB4A-F142F30840C0}.Debug|Any CPU.ActiveCfg = Debug|Any CPU
		{4CC8522B-6B32-C0DF-FB4A-F142F30840C0}.Debug|Any CPU.Build.0 = Debug|Any CPU
		{4CC8522B-6B32-C0DF-FB4A-F142F30840C0}.Release|Any CPU.ActiveCfg = Release|Any CPU
		{4CC8522B-6B32-C0DF-FB4A-F142F30840C0}.Release|Any CPU.Build.0 = Release|Any CPU
		{572C1D41-734D-470C-8FA2-7B9B1770FE64}.Debug|Any CPU.ActiveCfg = Debug|Any CPU
		{572C1D41-734D-470C-8FA2-7B9B1770FE64}.Debug|Any CPU.Build.0 = Debug|Any CPU
		{572C1D41-734D-470C-8FA2-7B9B1770FE64}.Release|Any CPU.ActiveCfg = Release|Any CPU
		{572C1D41-734D-470C-8FA2-7B9B1770FE64}.Release|Any CPU.Build.0 = Release|Any CPU
		{F9A92CF0-4746-429A-B7A1-329DC3E4E9B6}.Debug|Any CPU.ActiveCfg = Debug|Any CPU
		{F9A92CF0-4746-429A-B7A1-329DC3E4E9B6}.Debug|Any CPU.Build.0 = Debug|Any CPU
		{F9A92CF0-4746-429A-B7A1-329DC3E4E9B6}.Release|Any CPU.ActiveCfg = Release|Any CPU
		{F9A92CF0-4746-429A-B7A1-329DC3E4E9B6}.Release|Any CPU.Build.0 = Release|Any CPU
	EndGlobalSection
	GlobalSection(SolutionProperties) = preSolution
		HideSolutionNode = FALSE
	EndGlobalSection
	GlobalSection(ExtensibilityGlobals) = postSolution
		SolutionGuid = {E1EEAB19-9355-4323-AD79-DC2AA7C75C1C}
	EndGlobalSection
EndGlobal
